
Microsoft Visual Studio Solution File, Format Version 12.00
# Visual Studio Version 16
VisualStudioVersion = 16.0.29709.97
MinimumVisualStudioVersion = 10.0.40219.1
Project("{FAE04EC0-301F-11D3-BF4B-00C04F79EFBC}") = "TicTacToe", "TicTacToe\TicTacToe.csproj", "{C48D67B4-1551-44F3-9384-311E3EBDC6F0}"
EndProject
Global
	GlobalSection(SolutionConfigurationPlatforms) = preSolution
		Debug|Any CPU = Debug|Any CPU
		Release|Any CPU = Release|Any CPU
	EndGlobalSection
	GlobalSection(ProjectConfigurationPlatforms) = postSolution
		{C48D67B4-1551-44F3-9384-311E3EBDC6F0}.Debug|Any CPU.ActiveCfg = Debug|Any CPU
		{C48D67B4-1551-44F3-9384-311E3EBDC6F0}.Debug|Any CPU.Build.0 = Debug|Any CPU
		{C48D67B4-1551-44F3-9384-311E3EBDC6F0}.Release|Any CPU.ActiveCfg = Release|Any CPU
		{C48D67B4-1551-44F3-9384-311E3EBDC6F0}.Release|Any CPU.Build.0 = Release|Any CPU
	EndGlobalSection
	GlobalSection(SolutionProperties) = preSolution
		HideSolutionNode = FALSE
	EndGlobalSection
	GlobalSection(ExtensibilityGlobals) = postSolution
		SolutionGuid = {6B661FB0-90D9-4974-9E50-C31A7FCC5FAD}
	EndGlobalSection
EndGlobal
